github.com/DataDog/go-python3 v0.0.0-20211102160307-40adc605f1fe h1:bNMi0HArOQY4899TKLi4RP7g9BZ2kwLOiVpoJHWxyFs=
github.com/DataDog/go-python3 v0.0.0-20211102160307-40adc605f1fe/go.mod h1:7ctnOCLiUlwKO9GvAjusUF68edSbiHqC18gVPQF0ojA=
github.com/gorilla/mux v1.8.0 h1:i40aqfkR1h2SlN9hojwV5ZA91wcXFOvkdNIeFDP5koI=
github.com/gorilla/mux v1.8.0/go.mod h1:DVbg23sWSpFRCP0SfiEN6jmj59UnW/n46BH5rLB71So=
